<?xml version="1.0" encoding="utf-8"?>
<Project ToolsVersion="4.0" xmlns="http://schemas.microsoft.com/developer/msbuild/2003">
  <ItemGroup>
    <Filter Include="Source Files">
      <UniqueIdentifier>{56e3aecd-d9d3-4ac7-8798-3bbdc1c52dcd}</UniqueIdentifier>
      <Extensions>cpp;c;cxx;rc;def;r;odl;idl;hpj;bat</Extensions>
    </Filter>
    <Filter Include="Header Files">
      <UniqueIdentifier>{ca3c682b-db27-472d-a99a-48ad8f7c9b1e}</UniqueIdentifier>
      <Extensions>h;hpp;hxx;hm;inl</Extensions>
    </Filter>
    <Filter Include="Resource Files">
      <UniqueIdentifier>{391ca8e4-0ec9-4c25-8fdc-cf34bb7b405f}</UniqueIdentifier>
      <Extensions>ico;cur;bmp;dlg;rc2;rct;bin;rgs;gif;jpg;jpeg;jpe</Extensions>
    </Filter>
  </ItemGroup>
  <ItemGroup>
    <ClCompile Include="BArcRender.cpp">
      <Filter>Source Files</Filter>
    </ClCompile>
    <ClCompile Include="BBox.cpp">
      <Filter>Source Files</Filter>
    </ClCompile>
    <ClCompile Include="BConst.cpp">
      <Filter>Source Files</Filter>
    </ClCompile>
    <ClCompile Include="BCurve.cpp">
      <Filter>Source Files</Filter>
    </ClCompile>
    <ClCompile Include="BFastMoveMan.cpp">
      <Filter>Source Files</Filter>
    </ClCompile>
    <ClCompile Include="BGeomArray.cpp">
      <Filter>Source Files</Filter>
    </ClCompile>
    <ClCompile Include="BICyl.cpp">
      <Filter>Source Files</Filter>
    </ClCompile>
    <ClCompile Include="BInterp.cpp">
      <Filter>Source Files</Filter>
    </ClCompile>
    <ClCompile Include="BIPolar.cpp">
      <Filter>Source Files</Filter>
    </ClCompile>
    <ClCompile Include="BMatr.cpp">
      <Filter>Source Files</Filter>
    </ClCompile>
    <ClCompile Include="BPoint.cpp">
      <Filter>Source Files</Filter>
    </ClCompile>
    <ClCompile Include="BPointsBuf.cpp">
      <Filter>Source Files</Filter>
    </ClCompile>
    <ClCompile Include="BSpacePos.cpp">
      <Filter>Source Files</Filter>
    </ClCompile>
    <ClCompile Include="CreateArc.cpp">
      <Filter>Source Files</Filter>
    </ClCompile>
    <ClCompile Include="NCadrGeom.cpp">
      <Filter>Source Files</Filter>
    </ClCompile>
    <ClCompile Include="NCMb.cpp">
      <Filter>Source Files</Filter>
    </ClCompile>
    <ClCompile Include="NCMbConst.cpp">
      <Filter>Source Files</Filter>
    </ClCompile>
    <ClCompile Include="NColor.cpp">
      <Filter>Source Files</Filter>
    </ClCompile>
    <ClCompile Include="NContour.cpp">
      <Filter>Source Files</Filter>
    </ClCompile>
    <ClCompile Include="NFont.cpp">
      <Filter>Source Files</Filter>
    </ClCompile>
    <ClCompile Include="NLine.cpp">
      <Filter>Source Files</Filter>
    </ClCompile>
    <ClCompile Include="NMapIntToDouble.cpp">
      <Filter>Source Files</Filter>
    </ClCompile>
    <ClCompile Include="NMapStringToOb.cpp">
      <Filter>Source Files</Filter>
    </ClCompile>
    <ClCompile Include="NPtrArray.cpp">
      <Filter>Source Files</Filter>
    </ClCompile>
    <ClCompile Include="NSortedArray.cpp">
      <Filter>Source Files</Filter>
    </ClCompile>
    <ClCompile Include="NSurfSettings.cpp">
      <Filter>Source Files</Filter>
    </ClCompile>
    <ClCompile Include="SCoordsDef.cpp">
      <Filter>Source Files</Filter>
    </ClCompile>
    <ClCompile Include="StdAfx.cpp">
      <Filter>Source Files</Filter>
    </ClCompile>
    <ClCompile Include="BMatrPair.cpp">
      <Filter>Source Files</Filter>
    </ClCompile>
    <ClCompile Include="SMachState.cpp">
      <Filter>Source Files</Filter>
    </ClCompile>
    <ClCompile Include="MTCoordinate.cpp">
      <Filter>Source Files</Filter>
    </ClCompile>
    <ClCompile Include="NCBase.cpp">
      <Filter>Source Files</Filter>
    </ClCompile>
    <ClCompile Include="NTiParams.cpp">
      <Filter>Source Files</Filter>
    </ClCompile>
  </ItemGroup>
  <ItemGroup>
    <ResourceCompile Include="NCMb_RE.rc">
      <Filter>Source Files</Filter>
    </ResourceCompile>
  </ItemGroup>
  <ItemGroup>
    <ClInclude Include="..\Common\BAnglesArray.h">
      <Filter>Header Files</Filter>
    </ClInclude>
    <ClInclude Include="..\Common\BArcRender.h">
      <Filter>Header Files</Filter>
    </ClInclude>
    <ClInclude Include="..\Common\BBitArray.h">
      <Filter>Header Files</Filter>
    </ClInclude>
    <ClInclude Include="..\Common\BBox.h">
      <Filter>Header Files</Filter>
    </ClInclude>
    <ClInclude Include="..\Common\BConst.h">
      <Filter>Header Files</Filter>
    </ClInclude>
    <ClInclude Include="..\Common\BCurve.h">
      <Filter>Header Files</Filter>
    </ClInclude>
    <ClInclude Include="..\Common\BDebugState.h">
      <Filter>Header Files</Filter>
    </ClInclude>
    <ClInclude Include="..\Common\BDynBitArray.h">
      <Filter>Header Files</Filter>
    </ClInclude>
    <ClInclude Include="..\Common\BFastMoveMan.h">
      <Filter>Header Files</Filter>
    </ClInclude>
    <ClInclude Include="..\Common\BFixedSizeStack.h">
      <Filter>Header Files</Filter>
    </ClInclude>
    <ClInclude Include="..\Common\BGeomArray.h">
      <Filter>Header Files</Filter>
    </ClInclude>
    <ClInclude Include="..\Common\BInterp.h">
      <Filter>Header Files</Filter>
    </ClInclude>
    <ClInclude Include="..\Common\BMaskArray.h">
      <Filter>Header Files</Filter>
    </ClInclude>
    <ClInclude Include="..\Common\BMatr.h">
      <Filter>Header Files</Filter>
    </ClInclude>
    <ClInclude Include="..\Common\BMSChangePos.h">
      <Filter>Header Files</Filter>
    </ClInclude>
    <ClInclude Include="..\Common\BObjectManager.h">
      <Filter>Header Files</Filter>
    </ClInclude>
    <ClInclude Include="..\Common\BPoint.h">
      <Filter>Header Files</Filter>
    </ClInclude>
    <ClInclude Include="..\Common\BPointsBuf.h">
      <Filter>Header Files</Filter>
    </ClInclude>
    <ClInclude Include="..\Common\BRelation.h">
      <Filter>Header Files</Filter>
    </ClInclude>
    <ClInclude Include="..\Common\BSpacePos.h">
      <Filter>Header Files</Filter>
    </ClInclude>
    <ClInclude Include="..\Common\BStlB.h">
      <Filter>Header Files</Filter>
    </ClInclude>
    <ClInclude Include="ConstDef.h">
      <Filter>Header Files</Filter>
    </ClInclude>
    <ClInclude Include="..\Common\GPoints.h">
      <Filter>Header Files</Filter>
    </ClInclude>
    <ClInclude Include="..\Common\GrazingCurve.h">
      <Filter>Header Files</Filter>
    </ClInclude>
    <ClInclude Include="..\Common\GrazingCurveElemContour.h">
      <Filter>Header Files</Filter>
    </ClInclude>
    <ClInclude Include="..\Guard\lib\grddongle.h">
      <Filter>Header Files</Filter>
    </ClInclude>
    <ClInclude Include="..\Common\GuDongleModule.h">
      <Filter>Header Files</Filter>
    </ClInclude>
    <ClInclude Include="..\Common\InfoProgram.h">
      <Filter>Header Files</Filter>
    </ClInclude>
    <ClInclude Include="..\Common\InfoStock.h">
      <Filter>Header Files</Filter>
    </ClInclude>
    <ClInclude Include="..\Common\InfoTool.h">
      <Filter>Header Files</Filter>
    </ClInclude>
    <ClInclude Include="..\Common\MTCoordinate.h">
      <Filter>Header Files</Filter>
    </ClInclude>
    <ClInclude Include="..\Common\NActiveObject.h">
      <Filter>Header Files</Filter>
    </ClInclude>
    <ClInclude Include="..\Common\NAutoPalette.h">
      <Filter>Header Files</Filter>
    </ClInclude>
    <ClInclude Include="..\Common\NCadrGeom.h">
      <Filter>Header Files</Filter>
    </ClInclude>
    <ClInclude Include="..\Common\NCadrGeomArray.h">
      <Filter>Header Files</Filter>
    </ClInclude>
    <ClInclude Include="..\Common\NCEnums.h">
      <Filter>Header Files</Filter>
    </ClInclude>
    <ClInclude Include="..\Common\NCMB_API.h">
      <Filter>Header Files</Filter>
    </ClInclude>
    <ClInclude Include="..\Common\NCMbConst.h">
      <Filter>Header Files</Filter>
    </ClInclude>
    <ClInclude Include="..\Common\NCMComData.h">
      <Filter>Header Files</Filter>
    </ClInclude>
    <ClInclude Include="..\Common\NCMData.h">
      <Filter>Header Files</Filter>
    </ClInclude>
    <ClInclude Include="..\Common\NCMProject.h">
      <Filter>Header Files</Filter>
    </ClInclude>
    <ClInclude Include="..\Common\NCMVersion.h">
      <Filter>Header Files</Filter>
    </ClInclude>
    <ClInclude Include="..\Common\NColor.h">
      <Filter>Header Files</Filter>
    </ClInclude>
    <ClInclude Include="..\Common\NCommonPaths.h">
      <Filter>Header Files</Filter>
    </ClInclude>
    <ClInclude Include="..\Common\NContour.h">
      <Filter>Header Files</Filter>
    </ClInclude>
    <ClInclude Include="..\Common\NFont.h">
      <Filter>Header Files</Filter>
    </ClInclude>
    <ClInclude Include="..\Common\NLine.h">
      <Filter>Header Files</Filter>
    </ClInclude>
    <ClInclude Include="..\Common\NMapIntToDouble.h">
      <Filter>Header Files</Filter>
    </ClInclude>
    <ClInclude Include="..\Common\NMapStringToOb.h">
      <Filter>Header Files</Filter>
    </ClInclude>
    <ClInclude Include="..\Common\NObject.h">
      <Filter>Header Files</Filter>
    </ClInclude>
    <ClInclude Include="..\Common\NObjectManager.h">
      <Filter>Header Files</Filter>
    </ClInclude>
    <ClInclude Include="..\Common\NOMScaner.h">
      <Filter>Header Files</Filter>
    </ClInclude>
    <ClInclude Include="..\Common\NPassiveObject.h">
      <Filter>Header Files</Filter>
    </ClInclude>
    <ClInclude Include="NPtrArray.h">
      <Filter>Header Files</Filter>
    </ClInclude>
    <ClInclude Include="..\Common\NSortedArray.h">
      <Filter>Header Files</Filter>
    </ClInclude>
    <ClInclude Include="..\Common\NSurfSettings.h">
      <Filter>Header Files</Filter>
    </ClInclude>
    <ClInclude Include="..\Common\NxyzImage.h">
      <Filter>Header Files</Filter>
    </ClInclude>
    <ClInclude Include="resource.h">
      <Filter>Header Files</Filter>
    </ClInclude>
    <ClInclude Include="..\Common\SCoordsDef.h">
      <Filter>Header Files</Filter>
    </ClInclude>
    <ClInclude Include="..\Common\SegmentGrazingCurve.h">
      <Filter>Header Files</Filter>
    </ClInclude>
    <ClInclude Include="..\Common\SMachState.h">
      <Filter>Header Files</Filter>
    </ClInclude>
    <ClInclude Include="..\Common\SMachStateFix.h">
      <Filter>Header Files</Filter>
    </ClInclude>
    <ClInclude Include="StdAfx.h">
      <Filter>Header Files</Filter>
    </ClInclude>
    <ClInclude Include="..\Common\UnitConst.h">
      <Filter>Header Files</Filter>
    </ClInclude>
    <ClInclude Include="..\common\BICyl.h">
      <Filter>Header Files</Filter>
    </ClInclude>
    <ClInclude Include="..\common\BIPolar.h">
      <Filter>Header Files</Filter>
    </ClInclude>
    <ClInclude Include="..\common\NObjEnums.h">
      <Filter>Header Files</Filter>
    </ClInclude>
    <ClInclude Include="..\common\BTimeLimit.h">
      <Filter>Header Files</Filter>
    </ClInclude>
    <ClInclude Include="..\common\BSlideBuffer.h">
      <Filter>Header Files</Filter>
    </ClInclude>
    <ClInclude Include="..\common\CadrData.h">
      <Filter>Header Files</Filter>
    </ClInclude>
    <ClInclude Include="..\common\BToolPos5x.h">
      <Filter>Header Files</Filter>
    </ClInclude>
    <ClInclude Include="..\common\BScrewMotion.h">
      <Filter>Header Files</Filter>
    </ClInclude>
    <ClInclude Include="..\common\BExtrFinder.h">
      <Filter>Header Files</Filter>
    </ClInclude>
    <ClInclude Include="..\Common\BSplineParams.h">
      <Filter>Header Files</Filter>
    </ClInclude>
    <ClInclude Include="..\common\B3DArray.h">
      <Filter>Header Files</Filter>
    </ClInclude>
    <ClInclude Include="..\Common\BPartialArray.h">
      <Filter>Header Files</Filter>
    </ClInclude>
    <ClInclude Include="..\common\BMatrPair.h">
      <Filter>Header Files</Filter>
    </ClInclude>
    <ClInclude Include="..\Common\BUndoRedoBuf.h">
      <Filter>Header Files</Filter>
    </ClInclude>
    <ClInclude Include="..\Common\NTiParams.h">
      <Filter>Header Files</Filter>
    </ClInclude>
    <ClInclude Include="..\common\BProgVisInterval.h">
      <Filter>Header Files</Filter>
    </ClInclude>
    <ClInclude Include="..\common\ViewRules.h">
      <Filter>Header Files</Filter>
    </ClInclude>
    <ClInclude Include="..\common\BEdgesAttrs.h">
      <Filter>Header Files</Filter>
    </ClInclude>
    <ClInclude Include="..\Common\NCBase.h">
      <Filter>Header Files</Filter>
    </ClInclude>
    <ClInclude Include="..\common\BProgressPercent.h">
      <Filter>Header Files</Filter>
    </ClInclude>
    <ClInclude Include="..\common\BSelectAttrs.h">
      <Filter>Header Files</Filter>
    </ClInclude>
  </ItemGroup>
</Project>